// !$*UTF8*$!
{
	archiveVersion = 1;
	classes = {
	};
	objectVersion = 55;
	objects = {

/* Begin PBXBuildFile section */
		5536D0832A0C219C006E1442 /* LululemonTechAssesmentSufiAhmedApp.swift in Sources */ = {isa = PBXBuildFile; fileRef = 5536D0822A0C219C006E1442 /* LululemonTechAssesmentSufiAhmedApp.swift */; };
		5536D0852A0C219C006E1442 /* HomeView.swift in Sources */ = {isa = PBXBuildFile; fileRef = 5536D0842A0C219C006E1442 /* HomeView.swift */; };
		5536D0872A0C219E006E1442 /* Assets.xcassets in Resources */ = {isa = PBXBuildFile; fileRef = 5536D0862A0C219E006E1442 /* Assets.xcassets */; };
		5536D08A2A0C219E006E1442 /* Preview Assets.xcassets in Resources */ = {isa = PBXBuildFile; fileRef = 5536D0892A0C219E006E1442 /* Preview Assets.xcassets */; };
		5536D08F2A0C219E006E1442 /* GarmentStore.xcdatamodeld in Sources */ = {isa = PBXBuildFile; fileRef = 5536D08D2A0C219E006E1442 /* GarmentStore.xcdatamodeld */; };
		5536D0992A0C219E006E1442 /* LululemonTechAssesmentSufiAhmedTests.swift in Sources */ = {isa = PBXBuildFile; fileRef = 5536D0982A0C219E006E1442 /* LululemonTechAssesmentSufiAhmedTests.swift */; };
		5536D0A32A0C219E006E1442 /* LululemonTechAssesmentSufiAhmedUITests.swift in Sources */ = {isa = PBXBuildFile; fileRef = 5536D0A22A0C219E006E1442 /* LululemonTechAssesmentSufiAhmedUITests.swift */; };
		5536D0A52A0C219E006E1442 /* LululemonTechAssesmentSufiAhmedUITestsLaunchTests.swift in Sources */ = {isa = PBXBuildFile; fileRef = 5536D0A42A0C219E006E1442 /* LululemonTechAssesmentSufiAhmedUITestsLaunchTests.swift */; };
		5536D0B22A0C221E006E1442 /* GarmentStoreManager.swift in Sources */ = {isa = PBXBuildFile; fileRef = 5536D0B12A0C221E006E1442 /* GarmentStoreManager.swift */; };
		5536D0B42A0C2373006E1442 /* AddGarmentPageView.swift in Sources */ = {isa = PBXBuildFile; fileRef = 5536D0B32A0C2373006E1442 /* AddGarmentPageView.swift */; };
		5536D0B62A0C245A006E1442 /* SegmentControl.swift in Sources */ = {isa = PBXBuildFile; fileRef = 5536D0B52A0C245A006E1442 /* SegmentControl.swift */; };
		5536D0BE2A0C2E3F006E1442 /* HomeViewModel.swift in Sources */ = {isa = PBXBuildFile; fileRef = 5536D0BD2A0C2E3F006E1442 /* HomeViewModel.swift */; };
/* End PBXBuildFile section */

/* Begin PBXContainerItemProxy section */
		5536D0952A0C219E006E1442 /* PBXContainerItemProxy */ = {
			isa = PBXContainerItemProxy;
			containerPortal = 5536D0772A0C219C006E1442 /* Project object */;
			proxyType = 1;
			remoteGlobalIDString = 5536D07E2A0C219C006E1442;
			remoteInfo = LululemonTechAssesmentSufiAhmed;
		};
		5536D09F2A0C219E006E1442 /* PBXContainerItemProxy */ = {
			isa = PBXContainerItemProxy;
			containerPortal = 5536D0772A0C219C006E1442 /* Project object */;
			proxyType = 1;
			remoteGlobalIDString = 5536D07E2A0C219C006E1442;
			remoteInfo = LululemonTechAssesmentSufiAhmed;
		};
/* End PBXContainerItemProxy section */

/* Begin PBXFileReference section */
		5536D07F2A0C219C006E1442 /* LululemonTechAssesmentSufiAhmed.app */ = {isa = PBXFileReference; explicitFileType = wrapper.application; includeInIndex = 0; path = LululemonTechAssesmentSufiAhmed.app; sourceTree = BUILT_PRODUCTS_DIR; };
		5536D0822A0C219C006E1442 /* LululemonTechAssesmentSufiAhmedApp.swift */ = {isa = PBXFileReference; lastKnownFileType = sourcecode.swift; path = LululemonTechAssesmentSufiAhmedApp.swift; sourceTree = "<group>"; };
		5536D0842A0C219C006E1442 /* HomeView.swift */ = {isa = PBXFileReference; lastKnownFileType = sourcecode.swift; path = HomeView.swift; sourceTree = "<group>"; };
		5536D0862A0C219E006E1442 /* Assets.xcassets */ = {isa = PBXFileReference; lastKnownFileType = folder.assetcatalog; path = Assets.xcassets; sourceTree = "<group>"; };
		5536D0892A0C219E006E1442 /* Preview Assets.xcassets */ = {isa = PBXFileReference; lastKnownFileType = folder.assetcatalog; path = "Preview Assets.xcassets"; sourceTree = "<group>"; };
		5536D08E2A0C219E006E1442 /* LululemonTechAssesmentSufiAhmed.xcdatamodel */ = {isa = PBXFileReference; lastKnownFileType = wrapper.xcdatamodel; path = LululemonTechAssesmentSufiAhmed.xcdatamodel; sourceTree = "<group>"; };
		5536D0942A0C219E006E1442 /* LululemonTechAssesmentSufiAhmedTests.xctest */ = {isa = PBXFileReference; explicitFileType = wrapper.cfbundle; includeInIndex = 0; path = LululemonTechAssesmentSufiAhmedTests.xctest; sourceTree = BUILT_PRODUCTS_DIR; };
		5536D0982A0C219E006E1442 /* LululemonTechAssesmentSufiAhmedTests.swift */ = {isa = PBXFileReference; lastKnownFileType = sourcecode.swift; path = LululemonTechAssesmentSufiAhmedTests.swift; sourceTree = "<group>"; };
		5536D09E2A0C219E006E1442 /* LululemonTechAssesmentSufiAhmedUITests.xctest */ = {isa = PBXFileReference; explicitFileType = wrapper.cfbundle; includeInIndex = 0; path = LululemonTechAssesmentSufiAhmedUITests.xctest; sourceTree = BUILT_PRODUCTS_DIR; };
		5536D0A22A0C219E006E1442 /* LululemonTechAssesmentSufiAhmedUITests.swift */ = {isa = PBXFileReference; lastKnownFileType = sourcecode.swift; path = LululemonTechAssesmentSufiAhmedUITests.swift; sourceTree = "<group>"; };
		5536D0A42A0C219E006E1442 /* LululemonTechAssesmentSufiAhmedUITestsLaunchTests.swift */ = {isa = PBXFileReference; lastKnownFileType = sourcecode.swift; path = LululemonTechAssesmentSufiAhmedUITestsLaunchTests.swift; sourceTree = "<group>"; };
		5536D0B12A0C221E006E1442 /* GarmentStoreManager.swift */ = {isa = PBXFileReference; lastKnownFileType = sourcecode.swift; path = GarmentStoreManager.swift; sourceTree = "<group>"; };
		5536D0B32A0C2373006E1442 /* AddGarmentPageView.swift */ = {isa = PBXFileReference; lastKnownFileType = sourcecode.swift; path = AddGarmentPageView.swift; sourceTree = "<group>"; };
		5536D0B52A0C245A006E1442 /* SegmentControl.swift */ = {isa = PBXFileReference; lastKnownFileType = sourcecode.swift; path = SegmentControl.swift; sourceTree = "<group>"; };
		5536D0BD2A0C2E3F006E1442 /* HomeViewModel.swift */ = {isa = PBXFileReference; lastKnownFileType = sourcecode.swift; path = HomeViewModel.swift; sourceTree = "<group>"; };
/* End PBXFileReference section */

/* Begin PBXFrameworksBuildPhase section */
		5536D07C2A0C219C006E1442 /* Frameworks */ = {
			isa = PBXFrameworksBuildPhase;
			buildActionMask = 2147483647;
			files = (
			);
			runOnlyForDeploymentPostprocessing = 0;
		};
		5536D0912A0C219E006E1442 /* Frameworks */ = {
			isa = PBXFrameworksBuildPhase;
			buildActionMask = 2147483647;
			files = (
			);
			runOnlyForDeploymentPostprocessing = 0;
		};
		5536D09B2A0C219E006E1442 /* Frameworks */ = {
			isa = PBXFrameworksBuildPhase;
			buildActionMask = 2147483647;
			files = (
			);
			runOnlyForDeploymentPostprocessing = 0;
		};
/* End PBXFrameworksBuildPhase section */

/* Begin PBXGroup section */
		5536D0762A0C219C006E1442 = {
			isa = PBXGroup;
			children = (
				5536D0812A0C219C006E1442 /* LululemonTechAssesmentSufiAhmed */,
				5536D0972A0C219E006E1442 /* LululemonTechAssesmentSufiAhmedTests */,
				5536D0A12A0C219E006E1442 /* LululemonTechAssesmentSufiAhmedUITests */,
				5536D0802A0C219C006E1442 /* Products */,
			);
			sourceTree = "<group>";
		};
		5536D0802A0C219C006E1442 /* Products */ = {
			isa = PBXGroup;
			children = (
				5536D07F2A0C219C006E1442 /* LululemonTechAssesmentSufiAhmed.app */,
				5536D0942A0C219E006E1442 /* LululemonTechAssesmentSufiAhmedTests.xctest */,
				5536D09E2A0C219E006E1442 /* LululemonTechAssesmentSufiAhmedUITests.xctest */,
			);
			name = Products;
			sourceTree = "<group>";
		};
		5536D0812A0C219C006E1442 /* LululemonTechAssesmentSufiAhmed */ = {
			isa = PBXGroup;
			children = (
				5536D0822A0C219C006E1442 /* LululemonTechAssesmentSufiAhmedApp.swift */,
				5536D0BA2A0C2BB9006E1442 /* Views */,
				5536D0BF2A0C4497006E1442 /* ViewModels */,
				5536D0B92A0C2B9E006E1442 /* DataManager */,
				5536D0BC2A0C2D09006E1442 /* Utility */,
				5536D0882A0C219E006E1442 /* Preview Content */,
				5536D0862A0C219E006E1442 /* Assets.xcassets */,
			);
			path = LululemonTechAssesmentSufiAhmed;
			sourceTree = "<group>";
		};
		5536D0882A0C219E006E1442 /* Preview Content */ = {
			isa = PBXGroup;
			children = (
				5536D0892A0C219E006E1442 /* Preview Assets.xcassets */,
			);
			path = "Preview Content";
			sourceTree = "<group>";
		};
		5536D0972A0C219E006E1442 /* LululemonTechAssesmentSufiAhmedTests */ = {
			isa = PBXGroup;
			children = (
				5536D0982A0C219E006E1442 /* LululemonTechAssesmentSufiAhmedTests.swift */,
			);
			path = LululemonTechAssesmentSufiAhmedTests;
			sourceTree = "<group>";
		};
		5536D0A12A0C219E006E1442 /* LululemonTechAssesmentSufiAhmedUITests */ = {
			isa = PBXGroup;
			children = (
				5536D0A22A0C219E006E1442 /* LululemonTechAssesmentSufiAhmedUITests.swift */,
				5536D0A42A0C219E006E1442 /* LululemonTechAssesmentSufiAhmedUITestsLaunchTests.swift */,
			);
			path = LululemonTechAssesmentSufiAhmedUITests;
			sourceTree = "<group>";
		};
		5536D0B92A0C2B9E006E1442 /* DataManager */ = {
			isa = PBXGroup;
			children = (
				5536D0B12A0C221E006E1442 /* GarmentStoreManager.swift */,
				5536D08D2A0C219E006E1442 /* GarmentStore.xcdatamodeld */,
			);
			path = DataManager;
			sourceTree = "<group>";
		};
		5536D0BA2A0C2BB9006E1442 /* Views */ = {
			isa = PBXGroup;
			children = (
				5536D0842A0C219C006E1442 /* HomeView.swift */,
				5536D0B32A0C2373006E1442 /* AddGarmentPageView.swift */,
			);
			path = Views;
			sourceTree = "<group>";
		};
		5536D0BC2A0C2D09006E1442 /* Utility */ = {
			isa = PBXGroup;
			children = (
				5536D0B52A0C245A006E1442 /* SegmentControl.swift */,
			);
			path = Utility;
			sourceTree = "<group>";
		};
		5536D0BF2A0C4497006E1442 /* ViewModels */ = {
			isa = PBXGroup;
			children = (
				5536D0BD2A0C2E3F006E1442 /* HomeViewModel.swift */,
			);
			path = ViewModels;
			sourceTree = "<group>";
		};
/* End PBXGroup section */

/* Begin PBXNativeTarget section */
		5536D07E2A0C219C006E1442 /* LululemonTechAssesmentSufiAhmed */ = {
			isa = PBXNativeTarget;
			buildConfigurationList = 5536D0A82A0C219E006E1442 /* Build configuration list for PBXNativeTarget "LululemonTechAssesmentSufiAhmed" */;
			buildPhases = (
				5536D07B2A0C219C006E1442 /* Sources */,
				5536D07C2A0C219C006E1442 /* Frameworks */,
				5536D07D2A0C219C006E1442 /* Resources */,
			);
			buildRules = (
			);
			dependencies = (
			);
			name = LululemonTechAssesmentSufiAhmed;
			productName = LululemonTechAssesmentSufiAhmed;
			productReference = 5536D07F2A0C219C006E1442 /* LululemonTechAssesmentSufiAhmed.app */;
			productType = "com.apple.product-type.application";
		};
		5536D0932A0C219E006E1442 /* LululemonTechAssesmentSufiAhmedTests */ = {
			isa = PBXNativeTarget;
			buildConfigurationList = 5536D0AB2A0C219E006E1442 /* Build configuration list for PBXNativeTarget "LululemonTechAssesmentSufiAhmedTests" */;
			buildPhases = (
				5536D0902A0C219E006E1442 /* Sources */,
				5536D0912A0C219E006E1442 /* Frameworks */,
				5536D0922A0C219E006E1442 /* Resources */,
			);
			buildRules = (
			);
			dependencies = (
				5536D0962A0C219E006E1442 /* PBXTargetDependency */,
			);
			name = LululemonTechAssesmentSufiAhmedTests;
			productName = LululemonTechAssesmentSufiAhmedTests;
			productReference = 5536D0942A0C219E006E1442 /* LululemonTechAssesmentSufiAhmedTests.xctest */;
			productType = "com.apple.product-type.bundle.unit-test";
		};
		5536D09D2A0C219E006E1442 /* LululemonTechAssesmentSufiAhmedUITests */ = {
			isa = PBXNativeTarget;
			buildConfigurationList = 5536D0AE2A0C219E006E1442 /* Build configuration list for PBXNativeTarget "LululemonTechAssesmentSufiAhmedUITests" */;
			buildPhases = (
				5536D09A2A0C219E006E1442 /* Sources */,
				5536D09B2A0C219E006E1442 /* Frameworks */,
				5536D09C2A0C219E006E1442 /* Resources */,
			);
			buildRules = (
			);
			dependencies = (
				5536D0A02A0C219E006E1442 /* PBXTargetDependency */,
			);
			name = LululemonTechAssesmentSufiAhmedUITests;
			productName = LululemonTechAssesmentSufiAhmedUITests;
			productReference = 5536D09E2A0C219E006E1442 /* LululemonTechAssesmentSufiAhmedUITests.xctest */;
			productType = "com.apple.product-type.bundle.ui-testing";
		};
/* End PBXNativeTarget section */

/* Begin PBXProject section */
		5536D0772A0C219C006E1442 /* Project object */ = {
			isa = PBXProject;
			attributes = {
				BuildIndependentTargetsInParallel = 1;
				LastSwiftUpdateCheck = 1310;
				LastUpgradeCheck = 1310;
				TargetAttributes = {
					5536D07E2A0C219C006E1442 = {
						CreatedOnToolsVersion = 13.1;
					};
					5536D0932A0C219E006E1442 = {
						CreatedOnToolsVersion = 13.1;
						TestTargetID = 5536D07E2A0C219C006E1442;
					};
					5536D09D2A0C219E006E1442 = {
						CreatedOnToolsVersion = 13.1;
						TestTargetID = 5536D07E2A0C219C006E1442;
					};
				};
			};
			buildConfigurationList = 5536D07A2A0C219C006E1442 /* Build configuration list for PBXProject "LululemonTechAssesmentSufiAhmed" */;
			compatibilityVersion = "Xcode 13.0";
			developmentRegion = en;
			hasScannedForEncodings = 0;
			knownRegions = (
				en,
				Base,
			);
			mainGroup = 5536D0762A0C219C006E1442;
			productRefGroup = 5536D0802A0C219C006E1442 /* Products */;
			projectDirPath = "";
			projectRoot = "";
			targets = (
				5536D07E2A0C219C006E1442 /* LululemonTechAssesmentSufiAhmed */,
				5536D0932A0C219E006E1442 /* LululemonTechAssesmentSufiAhmedTests */,
				5536D09D2A0C219E006E1442 /* LululemonTechAssesmentSufiAhmedUITests */,
			);
		};
/* End PBXProject section */

/* Begin PBXResourcesBuildPhase section */
		5536D07D2A0C219C006E1442 /* Resources */ = {
			isa = PBXResourcesBuildPhase;
			buildActionMask = 2147483647;
			files = (
				5536D08A2A0C219E006E1442 /* Preview Assets.xcassets in Resources */,
				5536D0872A0C219E006E1442 /* Assets.xcassets in Resources */,
			);
			runOnlyForDeploymentPostprocessing = 0;
		};
		5536D0922A0C219E006E1442 /* Resources */ = {
			isa = PBXResourcesBuildPhase;
			buildActionMask = 2147483647;
			files = (
			);
			runOnlyForDeploymentPostprocessing = 0;
		};
		5536D09C2A0C219E006E1442 /* Resources */ = {
			isa = PBXResourcesBuildPhase;
			buildActionMask = 2147483647;
			files = (
			);
			runOnlyForDeploymentPostprocessing = 0;
		};
/* End PBXResourcesBuildPhase section */

/* Begin PBXSourcesBuildPhase section */
		5536D07B2A0C219C006E1442 /* Sources */ = {
			isa = PBXSourcesBuildPhase;
			buildActionMask = 2147483647;
			files = (
				5536D0B42A0C2373006E1442 /* AddGarmentPageView.swift in Sources */,
				5536D0852A0C219C006E1442 /* HomeView.swift in Sources */,
				5536D0BE2A0C2E3F006E1442 /* HomeViewModel.swift in Sources */,
				5536D08F2A0C219E006E1442 /* GarmentStore.xcdatamodeld in Sources */,
				5536D0B22A0C221E006E1442 /* GarmentStoreManager.swift in Sources */,
				5536D0B62A0C245A006E1442 /* SegmentControl.swift in Sources */,
				5536D0832A0C219C006E1442 /* LululemonTechAssesmentSufiAhmedApp.swift in Sources */,
			);
			runOnlyForDeploymentPostprocessing = 0;
		};
		5536D0902A0C219E006E1442 /* Sources */ = {
			isa = PBXSourcesBuildPhase;
			buildActionMask = 2147483647;
			files = (
				5536D0992A0C219E006E1442 /* LululemonTechAssesmentSufiAhmedTests.swift in Sources */,
			);
			runOnlyForDeploymentPostprocessing = 0;
		};
		5536D09A2A0C219E006E1442 /* Sources */ = {
			isa = PBXSourcesBuildPhase;
			buildActionMask = 2147483647;
			files = (
				5536D0A32A0C219E006E1442 /* LululemonTechAssesmentSufiAhmedUITests.swift in Sources */,
				5536D0A52A0C219E006E1442 /* LululemonTechAssesmentSufiAhmedUITestsLaunchTests.swift in Sources */,
			);
			runOnlyForDeploymentPostprocessing = 0;
		};
/* End PBXSourcesBuildPhase section */

/* Begin PBXTargetDependency section */
		5536D0962A0C219E006E1442 /* PBXTargetDependency */ = {
			isa = PBXTargetDependency;
			target = 5536D07E2A0C219C006E1442 /* LululemonTechAssesmentSufiAhmed */;
			targetProxy = 5536D0952A0C219E006E1442 /* PBXContainerItemProxy */;
		};
		5536D0A02A0C219E006E1442 /* PBXTargetDependency */ = {
			isa = PBXTargetDependency;
			target = 5536D07E2A0C219C006E1442 /* LululemonTechAssesmentSufiAhmed */;
			targetProxy = 5536D09F2A0C219E006E1442 /* PBXContainerItemProxy */;
		};
/* End PBXTargetDependency section */

/* Begin XCBuildConfiguration section */
		5536D0A62A0C219E006E1442 /* Debug */ = {
			isa = XCBuildConfiguration;
			buildSettings = {
				ALWAYS_SEARCH_USER_PATHS = NO;
				CLANG_ANALYZER_NONNULL = YES;
				CLANG_ANALYZER_NUMBER_OBJECT_CONVERSION = YES_AGGRESSIVE;
				CLANG_CXX_LANGUAGE_STANDARD = "gnu++17";
				CLANG_CXX_LIBRARY = "libc++";
				CLANG_ENABLE_MODULES = YES;
				CLANG_ENABLE_OBJC_ARC = YES;
				CLANG_ENABLE_OBJC_WEAK = YES;
				CLANG_WARN_BLOCK_CAPTURE_AUTORELEASING = YES;
				CLANG_WARN_BOOL_CONVERSION = YES;
				CLANG_WARN_COMMA = YES;
				CLANG_WARN_CONSTANT_CONVERSION = YES;
				CLANG_WARN_DEPRECATED_OBJC_IMPLEMENTATIONS = YES;
				CLANG_WARN_DIRECT_OBJC_ISA_USAGE = YES_ERROR;
				CLANG_WARN_DOCUMENTATION_COMMENTS = YES;
				CLANG_WARN_EMPTY_BODY = YES;
				CLANG_WARN_ENUM_CONVERSION = YES;
				CLANG_WARN_INFINITE_RECURSION = YES;
				CLANG_WARN_INT_CONVERSION = YES;
				CLANG_WARN_NON_LITERAL_NULL_CONVERSION = YES;
				CLANG_WARN_OBJC_IMPLICIT_RETAIN_SELF = YES;
				CLANG_WARN_OBJC_LITERAL_CONVERSION = YES;
				CLANG_WARN_OBJC_ROOT_CLASS = YES_ERROR;
				CLANG_WARN_QUOTED_INCLUDE_IN_FRAMEWORK_HEADER = YES;
				CLANG_WARN_RANGE_LOOP_ANALYSIS = YES;
				CLANG_WARN_STRICT_PROTOTYPES = YES;
				CLANG_WARN_SUSPICIOUS_MOVE = YES;
				CLANG_WARN_UNGUARDED_AVAILABILITY = YES_AGGRESSIVE;
				CLANG_WARN_UNREACHABLE_CODE = YES;
				CLANG_WARN__DUPLICATE_METHOD_MATCH = YES;
				COPY_PHASE_STRIP = NO;
				DEBUG_INFORMATION_FORMAT = dwarf;
				ENABLE_STRICT_OBJC_MSGSEND = YES;
				ENABLE_TESTABILITY = YES;
				GCC_C_LANGUAGE_STANDARD = gnu11;
				GCC_DYNAMIC_NO_PIC = NO;
				GCC_NO_COMMON_BLOCKS = YES;
				GCC_OPTIMIZATION_LEVEL = 0;
				GCC_PREPROCESSOR_DEFINITIONS = (
					"DEBUG=1",
					"$(inherited)",
				);
				GCC_WARN_64_TO_32_BIT_CONVERSION = YES;
				GCC_WARN_ABOUT_RETURN_TYPE = YES_ERROR;
				GCC_WARN_UNDECLARED_SELECTOR = YES;
				GCC_WARN_UNINITIALIZED_AUTOS = YES_AGGRESSIVE;
				GCC_WARN_UNUSED_FUNCTION = YES;
				GCC_WARN_UNUSED_VARIABLE = YES;
				IPHONEOS_DEPLOYMENT_TARGET = 15.0;
				MTL_ENABLE_DEBUG_INFO = INCLUDE_SOURCE;
				MTL_FAST_MATH = YES;
				ONLY_ACTIVE_ARCH = YES;
				SDKROOT = iphoneos;
				SWIFT_ACTIVE_COMPILATION_CONDITIONS = DEBUG;
				SWIFT_OPTIMIZATION_LEVEL = "-Onone";
			};
			name = Debug;
		};
		5536D0A72A0C219E006E1442 /* Release */ = {
			isa = XCBuildConfiguration;
			buildSettings = {
				ALWAYS_SEARCH_USER_PATHS = NO;
				CLANG_ANALYZER_NONNULL = YES;
				CLANG_ANALYZER_NUMBER_OBJECT_CONVERSION = YES_AGGRESSIVE;
				CLANG_CXX_LANGUAGE_STANDARD = "gnu++17";
				CLANG_CXX_LIBRARY = "libc++";
				CLANG_ENABLE_MODULES = YES;
				CLANG_ENABLE_OBJC_ARC = YES;
				CLANG_ENABLE_OBJC_WEAK = YES;
				CLANG_WARN_BLOCK_CAPTURE_AUTORELEASING = YES;
				CLANG_WARN_BOOL_CONVERSION = YES;
				CLANG_WARN_COMMA = YES;
				CLANG_WARN_CONSTANT_CONVERSION = YES;
				CLANG_WARN_DEPRECATED_OBJC_IMPLEMENTATIONS = YES;
				CLANG_WARN_DIRECT_OBJC_ISA_USAGE = YES_ERROR;
				CLANG_WARN_DOCUMENTATION_COMMENTS = YES;
				CLANG_WARN_EMPTY_BODY = YES;
				CLANG_WARN_ENUM_CONVERSION = YES;
				CLANG_WARN_INFINITE_RECURSION = YES;
				CLANG_WARN_INT_CONVERSION = YES;
				CLANG_WARN_NON_LITERAL_NULL_CONVERSION = YES;
				CLANG_WARN_OBJC_IMPLICIT_RETAIN_SELF = YES;
				CLANG_WARN_OBJC_LITERAL_CONVERSION = YES;
				CLANG_WARN_OBJC_ROOT_CLASS = YES_ERROR;
				CLANG_WARN_QUOTED_INCLUDE_IN_FRAMEWORK_HEADER = YES;
				CLANG_WARN_RANGE_LOOP_ANALYSIS = YES;
				CLANG_WARN_STRICT_PROTOTYPES = YES;
				CLANG_WARN_SUSPICIOUS_MOVE = YES;
				CLANG_WARN_UNGUARDED_AVAILABILITY = YES_AGGRESSIVE;
				CLANG_WARN_UNREACHABLE_CODE = YES;
				CLANG_WARN__DUPLICATE_METHOD_MATCH = YES;
				COPY_PHASE_STRIP = NO;
				DEBUG_INFORMATION_FORMAT = "dwarf-with-dsym";
				ENABLE_NS_ASSERTIONS = NO;
				ENABLE_STRICT_OBJC_MSGSEND = YES;
				GCC_C_LANGUAGE_STANDARD = gnu11;
				GCC_NO_COMMON_BLOCKS = YES;
				GCC_WARN_64_TO_32_BIT_CONVERSION = YES;
				GCC_WARN_ABOUT_RETURN_TYPE = YES_ERROR;
				GCC_WARN_UNDECLARED_SELECTOR = YES;
				GCC_WARN_UNINITIALIZED_AUTOS = YES_AGGRESSIVE;
				GCC_WARN_UNUSED_FUNCTION = YES;
				GCC_WARN_UNUSED_VARIABLE = YES;
				IPHONEOS_DEPLOYMENT_TARGET = 15.0;
				MTL_ENABLE_DEBUG_INFO = NO;
				MTL_FAST_MATH = YES;
				SDKROOT = iphoneos;
				SWIFT_COMPILATION_MODE = wholemodule;
				SWIFT_OPTIMIZATION_LEVEL = "-O";
				VALIDATE_PRODUCT = YES;
			};
			name = Release;
		};
		5536D0A92A0C219E006E1442 /* Debug */ = {
			isa = XCBuildConfiguration;
			buildSettings = {
				ASSETCATALOG_COMPILER_APPICON_NAME = AppIcon;
				ASSETCATALOG_COMPILER_GLOBAL_ACCENT_COLOR_NAME = AccentColor;
				CODE_SIGN_STYLE = Automatic;
				CURRENT_PROJECT_VERSION = 1;
				DEVELOPMENT_ASSET_PATHS = "\"LululemonTechAssesmentSufiAhmed/Preview Content\"";
				ENABLE_PREVIEWS = YES;
				GENERATE_INFOPLIST_FILE = YES;
				INFOPLIST_KEY_UIApplicationSceneManifest_Generation = YES;
				INFOPLIST_KEY_UIApplicationSupportsIndirectInputEvents = YES;
				INFOPLIST_KEY_UILaunchScreen_Generation = YES;
				INFOPLIST_KEY_UISupportedInterfaceOrientations_iPad = "UIInterfaceOrientationPortrait UIInterfaceOrientationPortraitUpsideDown UIInterfaceOrientationLandscapeLeft UIInterfaceOrientationLandscapeRight";
				INFOPLIST_KEY_UISupportedInterfaceOrientations_iPhone = "UIInterfaceOrientationPortrait UIInterfaceOrientationLandscapeLeft UIInterfaceOrientationLandscapeRight";
				LD_RUNPATH_SEARCH_PATHS = (
					"$(inherited)",
					"@executable_path/Frameworks",
				);
				MARKETING_VERSION = 1.0;
				PRODUCT_BUNDLE_IDENTIFIER = sufiApps.LululemonTechAssesmentSufiAhmed;
				PRODUCT_NAME = "$(TARGET_NAME)";
				SWIFT_EMIT_LOC_STRINGS = YES;
				SWIFT_VERSION = 5.0;
				TARGETED_DEVICE_FAMILY = "1,2";
			};
			name = Debug;
		};
		5536D0AA2A0C219E006E1442 /* Release */ = {
			isa = XCBuildConfiguration;
			buildSettings = {
				ASSETCATALOG_COMPILER_APPICON_NAME = AppIcon;
				ASSETCATALOG_COMPILER_GLOBAL_ACCENT_COLOR_NAME = AccentColor;
				CODE_SIGN_STYLE = Automatic;
				CURRENT_PROJECT_VERSION = 1;
				DEVELOPMENT_ASSET_PATHS = "\"LululemonTechAssesmentSufiAhmed/Preview Content\"";
				ENABLE_PREVIEWS = YES;
				GENERATE_INFOPLIST_FILE = YES;
				INFOPLIST_KEY_UIApplicationSceneManifest_Generation = YES;
				INFOPLIST_KEY_UIApplicationSupportsIndirectInputEvents = YES;
				INFOPLIST_KEY_UILaunchScreen_Generation = YES;
				INFOPLIST_KEY_UISupportedInterfaceOrientations_iPad = "UIInterfaceOrientationPortrait UIInterfaceOrientationPortraitUpsideDown UIInterfaceOrientationLandscapeLeft UIInterfaceOrientationLandscapeRight";
				INFOPLIST_KEY_UISupportedInterfaceOrientations_iPhone = "UIInterfaceOrientationPortrait UIInterfaceOrientationLandscapeLeft UIInterfaceOrientationLandscapeRight";
				LD_RUNPATH_SEARCH_PATHS = (
					"$(inherited)",
					"@executable_path/Frameworks",
				);
				MARKETING_VERSION = 1.0;
				PRODUCT_BUNDLE_IDENTIFIER = sufiApps.LululemonTechAssesmentSufiAhmed;
				PRODUCT_NAME = "$(TARGET_NAME)";
				SWIFT_EMIT_LOC_STRINGS = YES;
				SWIFT_VERSION = 5.0;
				TARGETED_DEVICE_FAMILY = "1,2";
			};
			name = Release;
		};
		5536D0AC2A0C219E006E1442 /* Debug */ = {
			isa = XCBuildConfiguration;
			buildSettings = {
				ALWAYS_EMBED_SWIFT_STANDARD_LIBRARIES = YES;
				BUNDLE_LOADER = "$(TEST_HOST)";
				CODE_SIGN_STYLE = Automatic;
				CURRENT_PROJECT_VERSION = 1;
				GENERATE_INFOPLIST_FILE = YES;
				IPHONEOS_DEPLOYMENT_TARGET = 15.0;
				LD_RUNPATH_SEARCH_PATHS = (
					"$(inherited)",
					"@executable_path/Frameworks",
					"@loader_path/Frameworks",
				);
				MARKETING_VERSION = 1.0;
				PRODUCT_BUNDLE_IDENTIFIER = sufiApps.LululemonTechAssesmentSufiAhmedTests;
				PRODUCT_NAME = "$(TARGET_NAME)";
				SWIFT_EMIT_LOC_STRINGS = NO;
				SWIFT_VERSION = 5.0;
				TARGETED_DEVICE_FAMILY = "1,2";
				TEST_HOST = "$(BUILT_PRODUCTS_DIR)/LululemonTechAssesmentSufiAhmed.app/LululemonTechAssesmentSufiAhmed";
			};
			name = Debug;
		};
		5536D0AD2A0C219E006E1442 /* Release */ = {
			isa = XCBuildConfiguration;
			buildSettings = {
				ALWAYS_EMBED_SWIFT_STANDARD_LIBRARIES = YES;
				BUNDLE_LOADER = "$(TEST_HOST)";
				CODE_SIGN_STYLE = Automatic;
				CURRENT_PROJECT_VERSION = 1;
				GENERATE_INFOPLIST_FILE = YES;
				IPHONEOS_DEPLOYMENT_TARGET = 15.0;
				LD_RUNPATH_SEARCH_PATHS = (
					"$(inherited)",
					"@executable_path/Frameworks",
					"@loader_path/Frameworks",
				);
				MARKETING_VERSION = 1.0;
				PRODUCT_BUNDLE_IDENTIFIER = sufiApps.LululemonTechAssesmentSufiAhmedTests;
				PRODUCT_NAME = "$(TARGET_NAME)";
				SWIFT_EMIT_LOC_STRINGS = NO;
				SWIFT_VERSION = 5.0;
				TARGETED_DEVICE_FAMILY = "1,2";
				TEST_HOST = "$(BUILT_PRODUCTS_DIR)/LululemonTechAssesmentSufiAhmed.app/LululemonTechAssesmentSufiAhmed";
			};
			name = Release;
		};
		5536D0AF2A0C219E006E1442 /* Debug */ = {
			isa = XCBuildConfiguration;
			buildSettings = {
				ALWAYS_EMBED_SWIFT_STANDARD_LIBRARIES = YES;
				CODE_SIGN_STYLE = Automatic;
				CURRENT_PROJECT_VERSION = 1;
				GENERATE_INFOPLIST_FILE = YES;
				LD_RUNPATH_SEARCH_PATHS = (
					"$(inherited)",
					"@executable_path/Frameworks",
					"@loader_path/Frameworks",
				);
				MARKETING_VERSION = 1.0;
				PRODUCT_BUNDLE_IDENTIFIER = sufiApps.LululemonTechAssesmentSufiAhmedUITests;
				PRODUCT_NAME = "$(TARGET_NAME)";
				SWIFT_EMIT_LOC_STRINGS = NO;
				SWIFT_VERSION = 5.0;
				TARGETED_DEVICE_FAMILY = "1,2";
				TEST_TARGET_NAME = LululemonTechAssesmentSufiAhmed;
			};
			name = Debug;
		};
		5536D0B02A0C219E006E1442 /* Release */ = {
			isa = XCBuildConfiguration;
			buildSettings = {
				ALWAYS_EMBED_SWIFT_STANDARD_LIBRARIES = YES;
				CODE_SIGN_STYLE = Automatic;
				CURRENT_PROJECT_VERSION = 1;
				GENERATE_INFOPLIST_FILE = YES;
				LD_RUNPATH_SEARCH_PATHS = (
					"$(inherited)",
					"@executable_path/Frameworks",
					"@loader_path/Frameworks",
				);
				MARKETING_VERSION = 1.0;
				PRODUCT_BUNDLE_IDENTIFIER = sufiApps.LululemonTechAssesmentSufiAhmedUITests;
				PRODUCT_NAME = "$(TARGET_NAME)";
				SWIFT_EMIT_LOC_STRINGS = NO;
				SWIFT_VERSION = 5.0;
				TARGETED_DEVICE_FAMILY = "1,2";
				TEST_TARGET_NAME = LululemonTechAssesmentSufiAhmed;
			};
			name = Release;
		};
/* End XCBuildConfiguration section */

/* Begin XCConfigurationList section */
		5536D07A2A0C219C006E1442 /* Build configuration list for PBXProject "LululemonTechAssesmentSufiAhmed" */ = {
			isa = XCConfigurationList;
			buildConfigurations = (
				5536D0A62A0C219E006E1442 /* Debug */,
				5536D0A72A0C219E006E1442 /* Release */,
			);
			defaultConfigurationIsVisible = 0;
			defaultConfigurationName = Release;
		};
		5536D0A82A0C219E006E1442 /* Build configuration list for PBXNativeTarget "LululemonTechAssesmentSufiAhmed" */ = {
			isa = XCConfigurationList;
			buildConfigurations = (
				5536D0A92A0C219E006E1442 /* Debug */,
				5536D0AA2A0C219E006E1442 /* Release */,
			);
			defaultConfigurationIsVisible = 0;
			defaultConfigurationName = Release;
		};
		5536D0AB2A0C219E006E1442 /* Build configuration list for PBXNativeTarget "LululemonTechAssesmentSufiAhmedTests" */ = {
			isa = XCConfigurationList;
			buildConfigurations = (
				5536D0AC2A0C219E006E1442 /* Debug */,
				5536D0AD2A0C219E006E1442 /* Release */,
			);
			defaultConfigurationIsVisible = 0;
			defaultConfigurationName = Release;
		};
		5536D0AE2A0C219E006E1442 /* Build configuration list for PBXNativeTarget "LululemonTechAssesmentSufiAhmedUITests" */ = {
			isa = XCConfigurationList;
			buildConfigurations = (
				5536D0AF2A0C219E006E1442 /* Debug */,
				5536D0B02A0C219E006E1442 /* Release */,
			);
			defaultConfigurationIsVisible = 0;
			defaultConfigurationName = Release;
		};
/* End XCConfigurationList section */

/* Begin XCVersionGroup section */
		5536D08D2A0C219E006E1442 /* GarmentStore.xcdatamodeld */ = {
			isa = XCVersionGroup;
			children = (
				5536D08E2A0C219E006E1442 /* LululemonTechAssesmentSufiAhmed.xcdatamodel */,
			);
			currentVersion = 5536D08E2A0C219E006E1442 /* LululemonTechAssesmentSufiAhmed.xcdatamodel */;
			path = GarmentStore.xcdatamodeld;
			sourceTree = "<group>";
			versionGroupType = wrapper.xcdatamodel;
		};
/* End XCVersionGroup section */
	};
	rootObject = 5536D0772A0C219C006E1442 /* Project object */;
}
